PODS:
  - DifferenceKit (1.1.5):
    - DifferenceKit/Core (= 1.1.5)
    - DifferenceKit/UIKitExtension (= 1.1.5)
  - DifferenceKit/Core (1.1.5)
  - DifferenceKit/UIKitExtension (1.1.5):
    - DifferenceKit/Core
  - FLAnimatedImage (1.0.16)
  - FlexUI (0.1.0):
    - DifferenceKit
    - FLAnimatedImage
    - MPITextKit
    - Nuke
    - Nuke-WebP-Plugin
    - Runtime
    - Yoga
  - libwebp (1.1.0):
    - libwebp/demux (= 1.1.0)
    - libwebp/mux (= 1.1.0)
    - libwebp/webp (= 1.1.0)
  - libwebp/demux (1.1.0):
    - libwebp/webp
  - libwebp/mux (1.1.0):
    - libwebp/demux
  - libwebp/webp (1.1.0)
  - MagazineLayout (1.6.4)
  - MPITextKit (0.1.8)
  - Nuke (9.5.0)
  - Nuke-WebP-Plugin (5.0.0):
    - libwebp (= 1.1.0)
    - Nuke (~> 9.0)
  - Runtime (2.2.2)
  - SnapKit (5.0.1)
  - Yoga (1.14.0)

DEPENDENCIES:
  - FlexUI (from `../`)
  - MagazineLayout
  - SnapKit

SPEC REPOS:
  trunk:
    - DifferenceKit
    - FLAnimatedImage
    - libwebp
    - MagazineLayout
    - MPITextKit
    - Nuke
    - Nuke-WebP-Plugin
    - Runtime
    - SnapKit
    - Yoga

EXTERNAL SOURCES:
  FlexUI:
    :path: "../"

SPEC CHECKSUMS:
  DifferenceKit: 516f12e336ed65a3a0665847b5c3cb5cad4bd4ea
  FLAnimatedImage: 8f3e854ebf9680b71f0b6e700939687fc4d82b4b
  FlexUI: c6fc337f5618ddae398d4e3fd8afd237967a92a8
  libwebp: 946cb3063cea9236285f7e9a8505d806d30e07f3
  MagazineLayout: 10598ab8b3554c224b75da32b613c76becd9786c
  MPITextKit: 475a22b8df57c42c8c040bf95df47427642199ad
  Nuke: 6f400a4ea957e09149ec335a3c6acdcc814d89e4
  Nuke-WebP-Plugin: a79a97be508453ce5c36b78989595cbbc19c2deb
  Runtime: 67741bd196fb4ad821c4d259ccc527bf734d8806
  SnapKit: 97b92857e3df3a0c71833cce143274bf6ef8e5eb
  Yoga: cff67a400f6b74dc38eb0bad4f156673d9aa980c

PODFILE CHECKSUM: 1a696238443053465f9cee55d45864435fe5ec60

COCOAPODS: 1.10.1
