PODS:
  - DifferenceKit (1.1.5):
    - DifferenceKit/Core (= 1.1.5)
    - DifferenceKit/UIKitExtension (= 1.1.5)
  - DifferenceKit/Core (1.1.5)
  - DifferenceKit/UIKitExtension (1.1.5):
    - DifferenceKit/Core
  - FLAnimatedImage (1.0.12)
  - FlexUI (0.1.0):
    - DifferenceKit
    - FLAnimatedImage
    - MPITextKit
    - Nuke
    - Yoga
  - MagazineLayout (1.6.2)
  - MPITextKit (0.1.8)
  - Nuke (9.1.2)
  - RxCocoa (5.1.1):
    - RxRelay (~> 5)
    - RxSwift (~> 5)
  - RxRelay (5.1.1):
    - RxSwift (~> 5)
  - RxSwift (5.1.1)
  - Yoga (1.14.0)

DEPENDENCIES:
  - FlexUI (from `../`)
  - MagazineLayout
  - RxCocoa
  - RxSwift

SPEC REPOS:
  trunk:
    - DifferenceKit
    - FLAnimatedImage
    - MagazineLayout
    - MPITextKit
    - Nuke
    - RxCocoa
    - RxRelay
    - RxSwift
    - Yoga

EXTERNAL SOURCES:
  FlexUI:
    :path: "../"

SPEC CHECKSUMS:
  DifferenceKit: 516f12e336ed65a3a0665847b5c3cb5cad4bd4ea
  FLAnimatedImage: 4a0b56255d9b05f18b6dd7ee06871be5d3b89e31
  FlexUI: 7b2dacfca50c87d1e6ba6b18ce76084f02b3da2b
  MagazineLayout: 8e995730bc2b1ff8f11f44cb7d7926ab9640892f
  MPITextKit: 475a22b8df57c42c8c040bf95df47427642199ad
  Nuke: dd2e6be6a34c042a7861e190632781d11f253026
  RxCocoa: 32065309a38d29b5b0db858819b5bf9ef038b601
  RxRelay: d77f7d771495f43c556cbc43eebd1bb54d01e8e9
  RxSwift: 81470a2074fa8780320ea5fe4102807cb7118178
  Yoga: cff67a400f6b74dc38eb0bad4f156673d9aa980c

PODFILE CHECKSUM: 600ac0ca0f5dbf8106f05be69f8c306b15409ea2

COCOAPODS: 1.9.3
