PODS:
  - DifferenceKit (1.1.5):
    - DifferenceKit/Core (= 1.1.5)
    - DifferenceKit/UIKitExtension (= 1.1.5)
  - DifferenceKit/Core (1.1.5)
  - DifferenceKit/UIKitExtension (1.1.5):
    - DifferenceKit/Core
  - FLAnimatedImage (1.0.12)
  - FlexUI (0.1.0):
    - DifferenceKit
    - FLAnimatedImage
    - MPITextKit
    - Nuke
    - Yoga
  - MagazineLayout (1.6.1)
  - MPITextKit (0.1.8)
  - Nuke (8.4.1)
  - RxCocoa (5.1.1):
    - RxRelay (~> 5)
    - RxSwift (~> 5)
  - RxRelay (5.1.1):
    - RxSwift (~> 5)
  - RxSwift (5.1.1)
  - Yoga (1.14.0)

DEPENDENCIES:
  - FlexUI (from `../`)
  - MagazineLayout
  - RxCocoa
  - RxSwift

SPEC REPOS:
  trunk:
    - DifferenceKit
    - FLAnimatedImage
    - MagazineLayout
    - MPITextKit
    - Nuke
    - RxCocoa
    - RxRelay
    - RxSwift
    - Yoga

EXTERNAL SOURCES:
  FlexUI:
    :path: "../"

SPEC CHECKSUMS:
  DifferenceKit: 516f12e336ed65a3a0665847b5c3cb5cad4bd4ea
  FLAnimatedImage: 4a0b56255d9b05f18b6dd7ee06871be5d3b89e31
  FlexUI: d477a0c79483e68950ebfe44bf0ec0d41be30d61
  MagazineLayout: 163e04d3ee6b555728f2e79c66ae6aa3f6d661de
  MPITextKit: 475a22b8df57c42c8c040bf95df47427642199ad
  Nuke: d780e3507a86b86c589ab3cc5cd302d5456f06fb
  RxCocoa: 32065309a38d29b5b0db858819b5bf9ef038b601
  RxRelay: d77f7d771495f43c556cbc43eebd1bb54d01e8e9
  RxSwift: 81470a2074fa8780320ea5fe4102807cb7118178
  Yoga: cff67a400f6b74dc38eb0bad4f156673d9aa980c

PODFILE CHECKSUM: ab6afbce368700fc3bf8345358fe0a13c627efbe

COCOAPODS: 1.9.3
