// !$*UTF8*$!
{
	archiveVersion = 1;
	classes = {
	};
	objectVersion = 46;
	objects = {

/* Begin PBXBuildFile section */
		607FACD61AFB9204008FA782 /* AppDelegate.swift in Sources */ = {isa = PBXBuildFile; fileRef = 607FACD51AFB9204008FA782 /* AppDelegate.swift */; };
		607FACD81AFB9204008FA782 /* ViewController.swift in Sources */ = {isa = PBXBuildFile; fileRef = 607FACD71AFB9204008FA782 /* ViewController.swift */; };
		607FACDB1AFB9204008FA782 /* Main.storyboard in Resources */ = {isa = PBXBuildFile; fileRef = 607FACD91AFB9204008FA782 /* Main.storyboard */; };
		607FACDD1AFB9204008FA782 /* Images.xcassets in Resources */ = {isa = PBXBuildFile; fileRef = 607FACDC1AFB9204008FA782 /* Images.xcassets */; };
		607FACE01AFB9204008FA782 /* LaunchScreen.xib in Resources */ = {isa = PBXBuildFile; fileRef = 607FACDE1AFB9204008FA782 /* LaunchScreen.xib */; };
		607FACEC1AFB9204008FA782 /* Tests.swift in Sources */ = {isa = PBXBuildFile; fileRef = 607FACEB1AFB9204008FA782 /* Tests.swift */; };
		65912EF4B4FF8E0EBE9CC313 /* Pods_FlexUI_Example.framework in Frameworks */ = {isa = PBXBuildFile; fileRef = 8512B5B14A6D44335AF2F8E4 /* Pods_FlexUI_Example.framework */; };
		CB06273C2508EAE600621727 /* CounterDemoViewController.swift in Sources */ = {isa = PBXBuildFile; fileRef = CB06273B2508EAE600621727 /* CounterDemoViewController.swift */; };
		CB2DAA962508C1D2002E083B /* EditingText.swift in Sources */ = {isa = PBXBuildFile; fileRef = CB2DAA952508C1D2002E083B /* EditingText.swift */; };
		CB4E69442503A8E300FF782D /* DiffCollectionViewController.swift in Sources */ = {isa = PBXBuildFile; fileRef = CB4E69432503A8E300FF782D /* DiffCollectionViewController.swift */; };
		CB4E694A25050C8B00FF782D /* UserProfileViewController.swift in Sources */ = {isa = PBXBuildFile; fileRef = CB4E694925050C8B00FF782D /* UserProfileViewController.swift */; };
		CB4E694C250522C900FF782D /* UserProfileTagsEditingViewController.swift in Sources */ = {isa = PBXBuildFile; fileRef = CB4E694B250522C900FF782D /* UserProfileTagsEditingViewController.swift */; };
		CB6CA03D2510AD1C00A4D8C6 /* FeedItemFlexUINode.swift in Sources */ = {isa = PBXBuildFile; fileRef = CB6CA03B2510AD1C00A4D8C6 /* FeedItemFlexUINode.swift */; };
		CB6CA03E2510AD1C00A4D8C6 /* FlexUICollectionViewController.swift in Sources */ = {isa = PBXBuildFile; fileRef = CB6CA03C2510AD1C00A4D8C6 /* FlexUICollectionViewController.swift */; };
		CB6CA0412510AE9D00A4D8C6 /* DataBinder.swift in Sources */ = {isa = PBXBuildFile; fileRef = CB6CA03F2510AE9D00A4D8C6 /* DataBinder.swift */; };
		CB6CA0422510AE9D00A4D8C6 /* Stopwatch.swift in Sources */ = {isa = PBXBuildFile; fileRef = CB6CA0402510AE9D00A4D8C6 /* Stopwatch.swift */; };
		CB6CA1B42511BC4700A4D8C6 /* LiveRoomViewController.swift in Sources */ = {isa = PBXBuildFile; fileRef = CB6CA1B32511BC4700A4D8C6 /* LiveRoomViewController.swift */; };
		CB6CA1B62511BCEC00A4D8C6 /* LiveRoomMessagesNode.swift in Sources */ = {isa = PBXBuildFile; fileRef = CB6CA1B52511BCEC00A4D8C6 /* LiveRoomMessagesNode.swift */; };
		CB6CA1BD2513142600A4D8C6 /* LiveRoomsListViewController.swift in Sources */ = {isa = PBXBuildFile; fileRef = CB6CA1BC2513142600A4D8C6 /* LiveRoomsListViewController.swift */; };
		CB6CA1BF251318C400A4D8C6 /* Data.swift in Sources */ = {isa = PBXBuildFile; fileRef = CB6CA1BE251318C400A4D8C6 /* Data.swift */; };
		CB7D71422513656200B4B9AF /* IMB_ZX07DS.gif in Resources */ = {isa = PBXBuildFile; fileRef = CB7D71412513656200B4B9AF /* IMB_ZX07DS.gif */; };
		CBA9D15F25008F1000A7D1AC /* ColorExt.swift in Sources */ = {isa = PBXBuildFile; fileRef = CBA9D15E25008F1000A7D1AC /* ColorExt.swift */; };
		CBA9D1632500A77E00A7D1AC /* FlexboxViewController.swift in Sources */ = {isa = PBXBuildFile; fileRef = CBA9D1622500A77E00A7D1AC /* FlexboxViewController.swift */; };
		CBA9D1672500EFE600A7D1AC /* DiffTableViewController.swift in Sources */ = {isa = PBXBuildFile; fileRef = CBA9D1662500EFE600A7D1AC /* DiffTableViewController.swift */; };
		CBC2DAC725079A55008C56FF /* NodeViewViewController.swift in Sources */ = {isa = PBXBuildFile; fileRef = CBC2DAC625079A55008C56FF /* NodeViewViewController.swift */; };
		CBC6F75E24FFC1D3009D7A5C /* LivePreview.swift in Sources */ = {isa = PBXBuildFile; fileRef = CBC6F75D24FFC1D3009D7A5C /* LivePreview.swift */; };
		CBDBC1E3251465DA00D7955D /* MagazineLayoutViewController.swift in Sources */ = {isa = PBXBuildFile; fileRef = CBDBC1E2251465DA00D7955D /* MagazineLayoutViewController.swift */; };
		CBDBC1E7251466E600D7955D /* ListViewAdapter+MagazineLayout.swift in Sources */ = {isa = PBXBuildFile; fileRef = CBDBC1E6251466E600D7955D /* ListViewAdapter+MagazineLayout.swift */; };
/* End PBXBuildFile section */

/* Begin PBXContainerItemProxy section */
		607FACE61AFB9204008FA782 /* PBXContainerItemProxy */ = {
			isa = PBXContainerItemProxy;
			containerPortal = 607FACC81AFB9204008FA782 /* Project object */;
			proxyType = 1;
			remoteGlobalIDString = 607FACCF1AFB9204008FA782;
			remoteInfo = FlexUI;
		};
/* End PBXContainerItemProxy section */

/* Begin PBXFileReference section */
		05860299DBBB01D62018BDC2 /* LICENSE */ = {isa = PBXFileReference; includeInIndex = 1; lastKnownFileType = text; name = LICENSE; path = ../LICENSE; sourceTree = "<group>"; };
		200A93373E13780E65B250F1 /* Pods-FlexUI_Example.release.xcconfig */ = {isa = PBXFileReference; includeInIndex = 1; lastKnownFileType = text.xcconfig; name = "Pods-FlexUI_Example.release.xcconfig"; path = "Target Support Files/Pods-FlexUI_Example/Pods-FlexUI_Example.release.xcconfig"; sourceTree = "<group>"; };
		5E5FD5501C5B926161DFCB07 /* README.md */ = {isa = PBXFileReference; includeInIndex = 1; lastKnownFileType = net.daringfireball.markdown; name = README.md; path = ../README.md; sourceTree = "<group>"; };
		607FACD01AFB9204008FA782 /* FlexUI_Example.app */ = {isa = PBXFileReference; explicitFileType = wrapper.application; includeInIndex = 0; path = FlexUI_Example.app; sourceTree = BUILT_PRODUCTS_DIR; };
		607FACD41AFB9204008FA782 /* Info.plist */ = {isa = PBXFileReference; lastKnownFileType = text.plist.xml; path = Info.plist; sourceTree = "<group>"; };
		607FACD51AFB9204008FA782 /* AppDelegate.swift */ = {isa = PBXFileReference; lastKnownFileType = sourcecode.swift; path = AppDelegate.swift; sourceTree = "<group>"; };
		607FACD71AFB9204008FA782 /* ViewController.swift */ = {isa = PBXFileReference; lastKnownFileType = sourcecode.swift; path = ViewController.swift; sourceTree = "<group>"; };
		607FACDA1AFB9204008FA782 /* Base */ = {isa = PBXFileReference; lastKnownFileType = file.storyboard; name = Base; path = Base.lproj/Main.storyboard; sourceTree = "<group>"; };
		607FACDC1AFB9204008FA782 /* Images.xcassets */ = {isa = PBXFileReference; lastKnownFileType = folder.assetcatalog; path = Images.xcassets; sourceTree = "<group>"; };
		607FACDF1AFB9204008FA782 /* Base */ = {isa = PBXFileReference; lastKnownFileType = file.xib; name = Base; path = Base.lproj/LaunchScreen.xib; sourceTree = "<group>"; };
		607FACE51AFB9204008FA782 /* FlexUI_Tests.xctest */ = {isa = PBXFileReference; explicitFileType = wrapper.cfbundle; includeInIndex = 0; path = FlexUI_Tests.xctest; sourceTree = BUILT_PRODUCTS_DIR; };
		607FACEA1AFB9204008FA782 /* Info.plist */ = {isa = PBXFileReference; lastKnownFileType = text.plist.xml; path = Info.plist; sourceTree = "<group>"; };
		607FACEB1AFB9204008FA782 /* Tests.swift */ = {isa = PBXFileReference; lastKnownFileType = sourcecode.swift; path = Tests.swift; sourceTree = "<group>"; };
		8512B5B14A6D44335AF2F8E4 /* Pods_FlexUI_Example.framework */ = {isa = PBXFileReference; explicitFileType = wrapper.framework; includeInIndex = 0; path = Pods_FlexUI_Example.framework; sourceTree = BUILT_PRODUCTS_DIR; };
		86C139698C581F60FA8FE9B6 /* FlexUI.podspec */ = {isa = PBXFileReference; includeInIndex = 1; lastKnownFileType = text; name = FlexUI.podspec; path = ../FlexUI.podspec; sourceTree = "<group>"; xcLanguageSpecificationIdentifier = xcode.lang.ruby; };
		CB06273B2508EAE600621727 /* CounterDemoViewController.swift */ = {isa = PBXFileReference; lastKnownFileType = sourcecode.swift; path = CounterDemoViewController.swift; sourceTree = "<group>"; };
		CB2DAA952508C1D2002E083B /* EditingText.swift */ = {isa = PBXFileReference; lastKnownFileType = sourcecode.swift; path = EditingText.swift; sourceTree = "<group>"; };
		CB4E69432503A8E300FF782D /* DiffCollectionViewController.swift */ = {isa = PBXFileReference; lastKnownFileType = sourcecode.swift; path = DiffCollectionViewController.swift; sourceTree = "<group>"; };
		CB4E694925050C8B00FF782D /* UserProfileViewController.swift */ = {isa = PBXFileReference; lastKnownFileType = sourcecode.swift; path = UserProfileViewController.swift; sourceTree = "<group>"; };
		CB4E694B250522C900FF782D /* UserProfileTagsEditingViewController.swift */ = {isa = PBXFileReference; lastKnownFileType = sourcecode.swift; path = UserProfileTagsEditingViewController.swift; sourceTree = "<group>"; };
		CB6CA03B2510AD1C00A4D8C6 /* FeedItemFlexUINode.swift */ = {isa = PBXFileReference; fileEncoding = 4; lastKnownFileType = sourcecode.swift; path = FeedItemFlexUINode.swift; sourceTree = "<group>"; };
		CB6CA03C2510AD1C00A4D8C6 /* FlexUICollectionViewController.swift */ = {isa = PBXFileReference; fileEncoding = 4; lastKnownFileType = sourcecode.swift; path = FlexUICollectionViewController.swift; sourceTree = "<group>"; };
		CB6CA03F2510AE9D00A4D8C6 /* DataBinder.swift */ = {isa = PBXFileReference; fileEncoding = 4; lastKnownFileType = sourcecode.swift; path = DataBinder.swift; sourceTree = "<group>"; };
		CB6CA0402510AE9D00A4D8C6 /* Stopwatch.swift */ = {isa = PBXFileReference; fileEncoding = 4; lastKnownFileType = sourcecode.swift; path = Stopwatch.swift; sourceTree = "<group>"; };
		CB6CA1B32511BC4700A4D8C6 /* LiveRoomViewController.swift */ = {isa = PBXFileReference; lastKnownFileType = sourcecode.swift; path = LiveRoomViewController.swift; sourceTree = "<group>"; };
		CB6CA1B52511BCEC00A4D8C6 /* LiveRoomMessagesNode.swift */ = {isa = PBXFileReference; lastKnownFileType = sourcecode.swift; path = LiveRoomMessagesNode.swift; sourceTree = "<group>"; };
		CB6CA1BC2513142600A4D8C6 /* LiveRoomsListViewController.swift */ = {isa = PBXFileReference; lastKnownFileType = sourcecode.swift; path = LiveRoomsListViewController.swift; sourceTree = "<group>"; };
		CB6CA1BE251318C400A4D8C6 /* Data.swift */ = {isa = PBXFileReference; lastKnownFileType = sourcecode.swift; path = Data.swift; sourceTree = "<group>"; };
		CB7D71412513656200B4B9AF /* IMB_ZX07DS.gif */ = {isa = PBXFileReference; lastKnownFileType = image.gif; path = IMB_ZX07DS.gif; sourceTree = "<group>"; };
		CBA9D15E25008F1000A7D1AC /* ColorExt.swift */ = {isa = PBXFileReference; lastKnownFileType = sourcecode.swift; path = ColorExt.swift; sourceTree = "<group>"; };
		CBA9D1622500A77E00A7D1AC /* FlexboxViewController.swift */ = {isa = PBXFileReference; lastKnownFileType = sourcecode.swift; path = FlexboxViewController.swift; sourceTree = "<group>"; };
		CBA9D1662500EFE600A7D1AC /* DiffTableViewController.swift */ = {isa = PBXFileReference; lastKnownFileType = sourcecode.swift; path = DiffTableViewController.swift; sourceTree = "<group>"; };
		CBC2DAC625079A55008C56FF /* NodeViewViewController.swift */ = {isa = PBXFileReference; lastKnownFileType = sourcecode.swift; path = NodeViewViewController.swift; sourceTree = "<group>"; };
		CBC6F75B24FFC107009D7A5C /* SwiftUI.framework */ = {isa = PBXFileReference; lastKnownFileType = wrapper.framework; name = SwiftUI.framework; path = System/Library/Frameworks/SwiftUI.framework; sourceTree = SDKROOT; };
		CBC6F75D24FFC1D3009D7A5C /* LivePreview.swift */ = {isa = PBXFileReference; fileEncoding = 4; lastKnownFileType = sourcecode.swift; path = LivePreview.swift; sourceTree = "<group>"; };
		CBDBC1E2251465DA00D7955D /* MagazineLayoutViewController.swift */ = {isa = PBXFileReference; lastKnownFileType = sourcecode.swift; path = MagazineLayoutViewController.swift; sourceTree = "<group>"; };
		CBDBC1E6251466E600D7955D /* ListViewAdapter+MagazineLayout.swift */ = {isa = PBXFileReference; lastKnownFileType = sourcecode.swift; path = "ListViewAdapter+MagazineLayout.swift"; sourceTree = "<group>"; };
		EDBAB5C20DFC97849986A5AA /* Pods-FlexUI_Example.debug.xcconfig */ = {isa = PBXFileReference; includeInIndex = 1; lastKnownFileType = text.xcconfig; name = "Pods-FlexUI_Example.debug.xcconfig"; path = "Target Support Files/Pods-FlexUI_Example/Pods-FlexUI_Example.debug.xcconfig"; sourceTree = "<group>"; };
/* End PBXFileReference section */

/* Begin PBXFrameworksBuildPhase section */
		607FACCD1AFB9204008FA782 /* Frameworks */ = {
			isa = PBXFrameworksBuildPhase;
			buildActionMask = 2147483647;
			files = (
				65912EF4B4FF8E0EBE9CC313 /* Pods_FlexUI_Example.framework in Frameworks */,
			);
			runOnlyForDeploymentPostprocessing = 0;
		};
		607FACE21AFB9204008FA782 /* Frameworks */ = {
			isa = PBXFrameworksBuildPhase;
			buildActionMask = 2147483647;
			files = (
			);
			runOnlyForDeploymentPostprocessing = 0;
		};
/* End PBXFrameworksBuildPhase section */

/* Begin PBXGroup section */
		607FACC71AFB9204008FA782 = {
			isa = PBXGroup;
			children = (
				607FACF51AFB993E008FA782 /* Podspec Metadata */,
				607FACD21AFB9204008FA782 /* Example for FlexUI */,
				607FACE81AFB9204008FA782 /* Tests */,
				607FACD11AFB9204008FA782 /* Products */,
				D5444807522805AEC590F8AC /* Pods */,
				CEF818ABF1B91153D6FCE22A /* Frameworks */,
			);
			sourceTree = "<group>";
		};
		607FACD11AFB9204008FA782 /* Products */ = {
			isa = PBXGroup;
			children = (
				607FACD01AFB9204008FA782 /* FlexUI_Example.app */,
				607FACE51AFB9204008FA782 /* FlexUI_Tests.xctest */,
			);
			name = Products;
			sourceTree = "<group>";
		};
		607FACD21AFB9204008FA782 /* Example for FlexUI */ = {
			isa = PBXGroup;
			children = (
				CBDBC1E1251465C200D7955D /* Custom CollectionView Layout */,
				CB6CA1B22511BC2500A4D8C6 /* LiveRoom */,
				CB6CA1AF2510B8C700A4D8C6 /* Benchmark */,
				CB062747250A212A00621727 /* Basic */,
				CB062746250A211900621727 /* Counter */,
				CB062745250A211000621727 /* UserProfile */,
				607FACD51AFB9204008FA782 /* AppDelegate.swift */,
				CBC6F75D24FFC1D3009D7A5C /* LivePreview.swift */,
				607FACD71AFB9204008FA782 /* ViewController.swift */,
				607FACD91AFB9204008FA782 /* Main.storyboard */,
				607FACDC1AFB9204008FA782 /* Images.xcassets */,
				CB7D71412513656200B4B9AF /* IMB_ZX07DS.gif */,
				607FACDE1AFB9204008FA782 /* LaunchScreen.xib */,
				607FACD31AFB9204008FA782 /* Supporting Files */,
				CBA9D15E25008F1000A7D1AC /* ColorExt.swift */,
				CB2DAA952508C1D2002E083B /* EditingText.swift */,
				CB6CA1BE251318C400A4D8C6 /* Data.swift */,
			);
			name = "Example for FlexUI";
			path = FlexUI;
			sourceTree = "<group>";
		};
		607FACD31AFB9204008FA782 /* Supporting Files */ = {
			isa = PBXGroup;
			children = (
				607FACD41AFB9204008FA782 /* Info.plist */,
			);
			name = "Supporting Files";
			sourceTree = "<group>";
		};
		607FACE81AFB9204008FA782 /* Tests */ = {
			isa = PBXGroup;
			children = (
				607FACEB1AFB9204008FA782 /* Tests.swift */,
				607FACE91AFB9204008FA782 /* Supporting Files */,
			);
			path = Tests;
			sourceTree = "<group>";
		};
		607FACE91AFB9204008FA782 /* Supporting Files */ = {
			isa = PBXGroup;
			children = (
				607FACEA1AFB9204008FA782 /* Info.plist */,
			);
			name = "Supporting Files";
			sourceTree = "<group>";
		};
		607FACF51AFB993E008FA782 /* Podspec Metadata */ = {
			isa = PBXGroup;
			children = (
				86C139698C581F60FA8FE9B6 /* FlexUI.podspec */,
				5E5FD5501C5B926161DFCB07 /* README.md */,
				05860299DBBB01D62018BDC2 /* LICENSE */,
			);
			name = "Podspec Metadata";
			sourceTree = "<group>";
		};
		CB062745250A211000621727 /* UserProfile */ = {
			isa = PBXGroup;
			children = (
				CB4E694925050C8B00FF782D /* UserProfileViewController.swift */,
				CB4E694B250522C900FF782D /* UserProfileTagsEditingViewController.swift */,
			);
			name = UserProfile;
			sourceTree = "<group>";
		};
		CB062746250A211900621727 /* Counter */ = {
			isa = PBXGroup;
			children = (
				CB06273B2508EAE600621727 /* CounterDemoViewController.swift */,
			);
			name = Counter;
			sourceTree = "<group>";
		};
		CB062747250A212A00621727 /* Basic */ = {
			isa = PBXGroup;
			children = (
				CBA9D1622500A77E00A7D1AC /* FlexboxViewController.swift */,
				CBA9D1662500EFE600A7D1AC /* DiffTableViewController.swift */,
				CB4E69432503A8E300FF782D /* DiffCollectionViewController.swift */,
				CBC2DAC625079A55008C56FF /* NodeViewViewController.swift */,
			);
			name = Basic;
			sourceTree = "<group>";
		};
		CB6CA1AF2510B8C700A4D8C6 /* Benchmark */ = {
			isa = PBXGroup;
			children = (
				CB6CA03B2510AD1C00A4D8C6 /* FeedItemFlexUINode.swift */,
				CB6CA03C2510AD1C00A4D8C6 /* FlexUICollectionViewController.swift */,
				CB6CA03F2510AE9D00A4D8C6 /* DataBinder.swift */,
				CB6CA0402510AE9D00A4D8C6 /* Stopwatch.swift */,
			);
			name = Benchmark;
			sourceTree = "<group>";
		};
		CB6CA1B22511BC2500A4D8C6 /* LiveRoom */ = {
			isa = PBXGroup;
			children = (
				CB6CA1B32511BC4700A4D8C6 /* LiveRoomViewController.swift */,
				CB6CA1B52511BCEC00A4D8C6 /* LiveRoomMessagesNode.swift */,
				CB6CA1BC2513142600A4D8C6 /* LiveRoomsListViewController.swift */,
			);
			name = LiveRoom;
			sourceTree = "<group>";
		};
		CBDBC1E1251465C200D7955D /* Custom CollectionView Layout */ = {
			isa = PBXGroup;
			children = (
				CBDBC1E2251465DA00D7955D /* MagazineLayoutViewController.swift */,
				CBDBC1E6251466E600D7955D /* ListViewAdapter+MagazineLayout.swift */,
			);
			name = "Custom CollectionView Layout";
			sourceTree = "<group>";
		};
		CEF818ABF1B91153D6FCE22A /* Frameworks */ = {
			isa = PBXGroup;
			children = (
				CBC6F75B24FFC107009D7A5C /* SwiftUI.framework */,
				8512B5B14A6D44335AF2F8E4 /* Pods_FlexUI_Example.framework */,
			);
			name = Frameworks;
			sourceTree = "<group>";
		};
		D5444807522805AEC590F8AC /* Pods */ = {
			isa = PBXGroup;
			children = (
				EDBAB5C20DFC97849986A5AA /* Pods-FlexUI_Example.debug.xcconfig */,
				200A93373E13780E65B250F1 /* Pods-FlexUI_Example.release.xcconfig */,
			);
			path = Pods;
			sourceTree = "<group>";
		};
/* End PBXGroup section */

/* Begin PBXNativeTarget section */
		607FACCF1AFB9204008FA782 /* FlexUI_Example */ = {
			isa = PBXNativeTarget;
			buildConfigurationList = 607FACEF1AFB9204008FA782 /* Build configuration list for PBXNativeTarget "FlexUI_Example" */;
			buildPhases = (
				36CB034DB4BDA336B454CC3C /* [CP] Check Pods Manifest.lock */,
				607FACCC1AFB9204008FA782 /* Sources */,
				607FACCD1AFB9204008FA782 /* Frameworks */,
				607FACCE1AFB9204008FA782 /* Resources */,
				DB49F9B9DDDC802C765F3B69 /* [CP] Embed Pods Frameworks */,
			);
			buildRules = (
			);
			dependencies = (
			);
			name = FlexUI_Example;
			productName = FlexUI;
			productReference = 607FACD01AFB9204008FA782 /* FlexUI_Example.app */;
			productType = "com.apple.product-type.application";
		};
		607FACE41AFB9204008FA782 /* FlexUI_Tests */ = {
			isa = PBXNativeTarget;
			buildConfigurationList = 607FACF21AFB9204008FA782 /* Build configuration list for PBXNativeTarget "FlexUI_Tests" */;
			buildPhases = (
				607FACE11AFB9204008FA782 /* Sources */,
				607FACE21AFB9204008FA782 /* Frameworks */,
				607FACE31AFB9204008FA782 /* Resources */,
			);
			buildRules = (
			);
			dependencies = (
				607FACE71AFB9204008FA782 /* PBXTargetDependency */,
			);
			name = FlexUI_Tests;
			productName = Tests;
			productReference = 607FACE51AFB9204008FA782 /* FlexUI_Tests.xctest */;
			productType = "com.apple.product-type.bundle.unit-test";
		};
/* End PBXNativeTarget section */

/* Begin PBXProject section */
		607FACC81AFB9204008FA782 /* Project object */ = {
			isa = PBXProject;
			attributes = {
				LastSwiftUpdateCheck = 0830;
				LastUpgradeCheck = 0830;
				ORGANIZATIONNAME = CocoaPods;
				TargetAttributes = {
					607FACCF1AFB9204008FA782 = {
						CreatedOnToolsVersion = 6.3.1;
						DevelopmentTeam = 6GASTWWZR6;
						LastSwiftMigration = 0900;
					};
					607FACE41AFB9204008FA782 = {
						CreatedOnToolsVersion = 6.3.1;
						DevelopmentTeam = 6GASTWWZR6;
						LastSwiftMigration = 0900;
						TestTargetID = 607FACCF1AFB9204008FA782;
					};
				};
			};
			buildConfigurationList = 607FACCB1AFB9204008FA782 /* Build configuration list for PBXProject "FlexUI" */;
			compatibilityVersion = "Xcode 3.2";
			developmentRegion = English;
			hasScannedForEncodings = 0;
			knownRegions = (
				English,
				en,
				Base,
			);
			mainGroup = 607FACC71AFB9204008FA782;
			productRefGroup = 607FACD11AFB9204008FA782 /* Products */;
			projectDirPath = "";
			projectRoot = "";
			targets = (
				607FACCF1AFB9204008FA782 /* FlexUI_Example */,
				607FACE41AFB9204008FA782 /* FlexUI_Tests */,
			);
		};
/* End PBXProject section */

/* Begin PBXResourcesBuildPhase section */
		607FACCE1AFB9204008FA782 /* Resources */ = {
			isa = PBXResourcesBuildPhase;
			buildActionMask = 2147483647;
			files = (
				607FACDB1AFB9204008FA782 /* Main.storyboard in Resources */,
				CB7D71422513656200B4B9AF /* IMB_ZX07DS.gif in Resources */,
				607FACE01AFB9204008FA782 /* LaunchScreen.xib in Resources */,
				607FACDD1AFB9204008FA782 /* Images.xcassets in Resources */,
			);
			runOnlyForDeploymentPostprocessing = 0;
		};
		607FACE31AFB9204008FA782 /* Resources */ = {
			isa = PBXResourcesBuildPhase;
			buildActionMask = 2147483647;
			files = (
			);
			runOnlyForDeploymentPostprocessing = 0;
		};
/* End PBXResourcesBuildPhase section */

/* Begin PBXShellScriptBuildPhase section */
		36CB034DB4BDA336B454CC3C /* [CP] Check Pods Manifest.lock */ = {
			isa = PBXShellScriptBuildPhase;
			buildActionMask = 2147483647;
			files = (
			);
			inputFileListPaths = (
			);
			inputPaths = (
				"${PODS_PODFILE_DIR_PATH}/Podfile.lock",
				"${PODS_ROOT}/Manifest.lock",
			);
			name = "[CP] Check Pods Manifest.lock";
			outputFileListPaths = (
			);
			outputPaths = (
				"$(DERIVED_FILE_DIR)/Pods-FlexUI_Example-checkManifestLockResult.txt",
			);
			runOnlyForDeploymentPostprocessing = 0;
			shellPath = /bin/sh;
			shellScript = "diff \"${PODS_PODFILE_DIR_PATH}/Podfile.lock\" \"${PODS_ROOT}/Manifest.lock\" > /dev/null\nif [ $? != 0 ] ; then\n    # print error to STDERR\n    echo \"error: The sandbox is not in sync with the Podfile.lock. Run 'pod install' or update your CocoaPods installation.\" >&2\n    exit 1\nfi\n# This output is used by Xcode 'outputs' to avoid re-running this script phase.\necho \"SUCCESS\" > \"${SCRIPT_OUTPUT_FILE_0}\"\n";
			showEnvVarsInLog = 0;
		};
		DB49F9B9DDDC802C765F3B69 /* [CP] Embed Pods Frameworks */ = {
			isa = PBXShellScriptBuildPhase;
			buildActionMask = 2147483647;
			files = (
			);
			inputPaths = (
				"${PODS_ROOT}/Target Support Files/Pods-FlexUI_Example/Pods-FlexUI_Example-frameworks.sh",
				"${BUILT_PRODUCTS_DIR}/DifferenceKit/DifferenceKit.framework",
				"${BUILT_PRODUCTS_DIR}/FLAnimatedImage/FLAnimatedImage.framework",
				"${BUILT_PRODUCTS_DIR}/FlexUI/FlexUI.framework",
				"${BUILT_PRODUCTS_DIR}/MPITextKit/MPITextKit.framework",
				"${BUILT_PRODUCTS_DIR}/MagazineLayout/MagazineLayout.framework",
				"${BUILT_PRODUCTS_DIR}/Nuke/Nuke.framework",
				"${BUILT_PRODUCTS_DIR}/SnapKit/SnapKit.framework",
				"${BUILT_PRODUCTS_DIR}/Yoga/yoga.framework",
			);
			name = "[CP] Embed Pods Frameworks";
			outputPaths = (
				"${TARGET_BUILD_DIR}/${FRAMEWORKS_FOLDER_PATH}/DifferenceKit.framework",
				"${TARGET_BUILD_DIR}/${FRAMEWORKS_FOLDER_PATH}/FLAnimatedImage.framework",
				"${TARGET_BUILD_DIR}/${FRAMEWORKS_FOLDER_PATH}/FlexUI.framework",
				"${TARGET_BUILD_DIR}/${FRAMEWORKS_FOLDER_PATH}/MPITextKit.framework",
				"${TARGET_BUILD_DIR}/${FRAMEWORKS_FOLDER_PATH}/MagazineLayout.framework",
				"${TARGET_BUILD_DIR}/${FRAMEWORKS_FOLDER_PATH}/Nuke.framework",
				"${TARGET_BUILD_DIR}/${FRAMEWORKS_FOLDER_PATH}/SnapKit.framework",
				"${TARGET_BUILD_DIR}/${FRAMEWORKS_FOLDER_PATH}/yoga.framework",
			);
			runOnlyForDeploymentPostprocessing = 0;
			shellPath = /bin/sh;
			shellScript = "\"${PODS_ROOT}/Target Support Files/Pods-FlexUI_Example/Pods-FlexUI_Example-frameworks.sh\"\n";
			showEnvVarsInLog = 0;
		};
/* End PBXShellScriptBuildPhase section */

/* Begin PBXSourcesBuildPhase section */
		607FACCC1AFB9204008FA782 /* Sources */ = {
			isa = PBXSourcesBuildPhase;
			buildActionMask = 2147483647;
			files = (
				CBDBC1E7251466E600D7955D /* ListViewAdapter+MagazineLayout.swift in Sources */,
				CB6CA1B62511BCEC00A4D8C6 /* LiveRoomMessagesNode.swift in Sources */,
				CB4E69442503A8E300FF782D /* DiffCollectionViewController.swift in Sources */,
				CB4E694A25050C8B00FF782D /* UserProfileViewController.swift in Sources */,
				CB06273C2508EAE600621727 /* CounterDemoViewController.swift in Sources */,
				CB6CA1BD2513142600A4D8C6 /* LiveRoomsListViewController.swift in Sources */,
				CBA9D1672500EFE600A7D1AC /* DiffTableViewController.swift in Sources */,
				CB2DAA962508C1D2002E083B /* EditingText.swift in Sources */,
				CB6CA0412510AE9D00A4D8C6 /* DataBinder.swift in Sources */,
				CB6CA03E2510AD1C00A4D8C6 /* FlexUICollectionViewController.swift in Sources */,
				CB6CA0422510AE9D00A4D8C6 /* Stopwatch.swift in Sources */,
				CBC2DAC725079A55008C56FF /* NodeViewViewController.swift in Sources */,
				CB6CA1BF251318C400A4D8C6 /* Data.swift in Sources */,
				CBA9D1632500A77E00A7D1AC /* FlexboxViewController.swift in Sources */,
				607FACD81AFB9204008FA782 /* ViewController.swift in Sources */,
				CBA9D15F25008F1000A7D1AC /* ColorExt.swift in Sources */,
				607FACD61AFB9204008FA782 /* AppDelegate.swift in Sources */,
				CB4E694C250522C900FF782D /* UserProfileTagsEditingViewController.swift in Sources */,
				CBDBC1E3251465DA00D7955D /* MagazineLayoutViewController.swift in Sources */,
				CBC6F75E24FFC1D3009D7A5C /* LivePreview.swift in Sources */,
				CB6CA1B42511BC4700A4D8C6 /* LiveRoomViewController.swift in Sources */,
				CB6CA03D2510AD1C00A4D8C6 /* FeedItemFlexUINode.swift in Sources */,
			);
			runOnlyForDeploymentPostprocessing = 0;
		};
		607FACE11AFB9204008FA782 /* Sources */ = {
			isa = PBXSourcesBuildPhase;
			buildActionMask = 2147483647;
			files = (
				607FACEC1AFB9204008FA782 /* Tests.swift in Sources */,
			);
			runOnlyForDeploymentPostprocessing = 0;
		};
/* End PBXSourcesBuildPhase section */

/* Begin PBXTargetDependency section */
		607FACE71AFB9204008FA782 /* PBXTargetDependency */ = {
			isa = PBXTargetDependency;
			target = 607FACCF1AFB9204008FA782 /* FlexUI_Example */;
			targetProxy = 607FACE61AFB9204008FA782 /* PBXContainerItemProxy */;
		};
/* End PBXTargetDependency section */

/* Begin PBXVariantGroup section */
		607FACD91AFB9204008FA782 /* Main.storyboard */ = {
			isa = PBXVariantGroup;
			children = (
				607FACDA1AFB9204008FA782 /* Base */,
			);
			name = Main.storyboard;
			sourceTree = "<group>";
		};
		607FACDE1AFB9204008FA782 /* LaunchScreen.xib */ = {
			isa = PBXVariantGroup;
			children = (
				607FACDF1AFB9204008FA782 /* Base */,
			);
			name = LaunchScreen.xib;
			sourceTree = "<group>";
		};
/* End PBXVariantGroup section */

/* Begin XCBuildConfiguration section */
		607FACED1AFB9204008FA782 /* Debug */ = {
			isa = XCBuildConfiguration;
			buildSettings = {
				ALWAYS_SEARCH_USER_PATHS = NO;
				CLANG_CXX_LANGUAGE_STANDARD = "gnu++0x";
				CLANG_CXX_LIBRARY = "libc++";
				CLANG_ENABLE_MODULES = YES;
				CLANG_ENABLE_OBJC_ARC = YES;
				CLANG_WARN_BLOCK_CAPTURE_AUTORELEASING = YES;
				CLANG_WARN_BOOL_CONVERSION = YES;
				CLANG_WARN_COMMA = YES;
				CLANG_WARN_CONSTANT_CONVERSION = YES;
				CLANG_WARN_DIRECT_OBJC_ISA_USAGE = YES_ERROR;
				CLANG_WARN_EMPTY_BODY = YES;
				CLANG_WARN_ENUM_CONVERSION = YES;
				CLANG_WARN_INFINITE_RECURSION = YES;
				CLANG_WARN_INT_CONVERSION = YES;
				CLANG_WARN_NON_LITERAL_NULL_CONVERSION = YES;
				CLANG_WARN_OBJC_LITERAL_CONVERSION = YES;
				CLANG_WARN_OBJC_ROOT_CLASS = YES_ERROR;
				CLANG_WARN_RANGE_LOOP_ANALYSIS = YES;
				CLANG_WARN_STRICT_PROTOTYPES = YES;
				CLANG_WARN_SUSPICIOUS_MOVE = YES;
				CLANG_WARN_UNREACHABLE_CODE = YES;
				CLANG_WARN__DUPLICATE_METHOD_MATCH = YES;
				"CODE_SIGN_IDENTITY[sdk=iphoneos*]" = "iPhone Developer";
				COPY_PHASE_STRIP = NO;
				DEBUG_INFORMATION_FORMAT = "dwarf-with-dsym";
				ENABLE_STRICT_OBJC_MSGSEND = YES;
				ENABLE_TESTABILITY = YES;
				GCC_C_LANGUAGE_STANDARD = gnu99;
				GCC_DYNAMIC_NO_PIC = NO;
				GCC_NO_COMMON_BLOCKS = YES;
				GCC_OPTIMIZATION_LEVEL = 0;
				GCC_PREPROCESSOR_DEFINITIONS = (
					"DEBUG=1",
					"$(inherited)",
				);
				GCC_SYMBOLS_PRIVATE_EXTERN = NO;
				GCC_WARN_64_TO_32_BIT_CONVERSION = YES;
				GCC_WARN_ABOUT_RETURN_TYPE = YES_ERROR;
				GCC_WARN_UNDECLARED_SELECTOR = YES;
				GCC_WARN_UNINITIALIZED_AUTOS = YES_AGGRESSIVE;
				GCC_WARN_UNUSED_FUNCTION = YES;
				GCC_WARN_UNUSED_VARIABLE = YES;
				IPHONEOS_DEPLOYMENT_TARGET = 9.3;
				MTL_ENABLE_DEBUG_INFO = YES;
				ONLY_ACTIVE_ARCH = YES;
				SDKROOT = iphoneos;
				SWIFT_OPTIMIZATION_LEVEL = "-Onone";
			};
			name = Debug;
		};
		607FACEE1AFB9204008FA782 /* Release */ = {
			isa = XCBuildConfiguration;
			buildSettings = {
				ALWAYS_SEARCH_USER_PATHS = NO;
				CLANG_CXX_LANGUAGE_STANDARD = "gnu++0x";
				CLANG_CXX_LIBRARY = "libc++";
				CLANG_ENABLE_MODULES = YES;
				CLANG_ENABLE_OBJC_ARC = YES;
				CLANG_WARN_BLOCK_CAPTURE_AUTORELEASING = YES;
				CLANG_WARN_BOOL_CONVERSION = YES;
				CLANG_WARN_COMMA = YES;
				CLANG_WARN_CONSTANT_CONVERSION = YES;
				CLANG_WARN_DIRECT_OBJC_ISA_USAGE = YES_ERROR;
				CLANG_WARN_EMPTY_BODY = YES;
				CLANG_WARN_ENUM_CONVERSION = YES;
				CLANG_WARN_INFINITE_RECURSION = YES;
				CLANG_WARN_INT_CONVERSION = YES;
				CLANG_WARN_NON_LITERAL_NULL_CONVERSION = YES;
				CLANG_WARN_OBJC_LITERAL_CONVERSION = YES;
				CLANG_WARN_OBJC_ROOT_CLASS = YES_ERROR;
				CLANG_WARN_RANGE_LOOP_ANALYSIS = YES;
				CLANG_WARN_STRICT_PROTOTYPES = YES;
				CLANG_WARN_SUSPICIOUS_MOVE = YES;
				CLANG_WARN_UNREACHABLE_CODE = YES;
				CLANG_WARN__DUPLICATE_METHOD_MATCH = YES;
				"CODE_SIGN_IDENTITY[sdk=iphoneos*]" = "iPhone Developer";
				COPY_PHASE_STRIP = NO;
				DEBUG_INFORMATION_FORMAT = "dwarf-with-dsym";
				ENABLE_NS_ASSERTIONS = NO;
				ENABLE_STRICT_OBJC_MSGSEND = YES;
				GCC_C_LANGUAGE_STANDARD = gnu99;
				GCC_NO_COMMON_BLOCKS = YES;
				GCC_WARN_64_TO_32_BIT_CONVERSION = YES;
				GCC_WARN_ABOUT_RETURN_TYPE = YES_ERROR;
				GCC_WARN_UNDECLARED_SELECTOR = YES;
				GCC_WARN_UNINITIALIZED_AUTOS = YES_AGGRESSIVE;
				GCC_WARN_UNUSED_FUNCTION = YES;
				GCC_WARN_UNUSED_VARIABLE = YES;
				IPHONEOS_DEPLOYMENT_TARGET = 9.3;
				MTL_ENABLE_DEBUG_INFO = NO;
				SDKROOT = iphoneos;
				SWIFT_OPTIMIZATION_LEVEL = "-Owholemodule";
				VALIDATE_PRODUCT = YES;
			};
			name = Release;
		};
		607FACF01AFB9204008FA782 /* Debug */ = {
			isa = XCBuildConfiguration;
			baseConfigurationReference = EDBAB5C20DFC97849986A5AA /* Pods-FlexUI_Example.debug.xcconfig */;
			buildSettings = {
				ASSETCATALOG_COMPILER_APPICON_NAME = AppIcon;
				DEVELOPMENT_TEAM = 6GASTWWZR6;
				INFOPLIST_FILE = FlexUI/Info.plist;
				IPHONEOS_DEPLOYMENT_TARGET = 11.0;
				LD_RUNPATH_SEARCH_PATHS = "$(inherited) @executable_path/Frameworks";
				MODULE_NAME = ExampleApp;
				PRODUCT_BUNDLE_IDENTIFIER = "org.cocoapods.demo.$(PRODUCT_NAME:rfc1034identifier)";
				PRODUCT_NAME = "$(TARGET_NAME)";
				SWIFT_SWIFT3_OBJC_INFERENCE = Default;
				SWIFT_VERSION = 5.0;
			};
			name = Debug;
		};
		607FACF11AFB9204008FA782 /* Release */ = {
			isa = XCBuildConfiguration;
			baseConfigurationReference = 200A93373E13780E65B250F1 /* Pods-FlexUI_Example.release.xcconfig */;
			buildSettings = {
				ASSETCATALOG_COMPILER_APPICON_NAME = AppIcon;
				DEVELOPMENT_TEAM = 6GASTWWZR6;
				INFOPLIST_FILE = FlexUI/Info.plist;
				IPHONEOS_DEPLOYMENT_TARGET = 11.0;
				LD_RUNPATH_SEARCH_PATHS = "$(inherited) @executable_path/Frameworks";
				MODULE_NAME = ExampleApp;
				PRODUCT_BUNDLE_IDENTIFIER = "org.cocoapods.demo.$(PRODUCT_NAME:rfc1034identifier)";
				PRODUCT_NAME = "$(TARGET_NAME)";
				SWIFT_SWIFT3_OBJC_INFERENCE = Default;
				SWIFT_VERSION = 5.0;
			};
			name = Release;
		};
		607FACF31AFB9204008FA782 /* Debug */ = {
			isa = XCBuildConfiguration;
			buildSettings = {
				DEVELOPMENT_TEAM = 6GASTWWZR6;
				FRAMEWORK_SEARCH_PATHS = (
					"$(PLATFORM_DIR)/Developer/Library/Frameworks",
					"$(inherited)",
				);
				GCC_PREPROCESSOR_DEFINITIONS = (
					"DEBUG=1",
					"$(inherited)",
				);
				INFOPLIST_FILE = Tests/Info.plist;
				LD_RUNPATH_SEARCH_PATHS = "$(inherited) @executable_path/Frameworks @loader_path/Frameworks";
				PRODUCT_BUNDLE_IDENTIFIER = "org.cocoapods.$(PRODUCT_NAME:rfc1034identifier)";
				PRODUCT_NAME = "$(TARGET_NAME)";
				SWIFT_SWIFT3_OBJC_INFERENCE = Default;
				SWIFT_VERSION = 5.0;
				TEST_HOST = "$(BUILT_PRODUCTS_DIR)/FlexUI_Example.app/FlexUI_Example";
			};
			name = Debug;
		};
		607FACF41AFB9204008FA782 /* Release */ = {
			isa = XCBuildConfiguration;
			buildSettings = {
				DEVELOPMENT_TEAM = 6GASTWWZR6;
				FRAMEWORK_SEARCH_PATHS = (
					"$(PLATFORM_DIR)/Developer/Library/Frameworks",
					"$(inherited)",
				);
				INFOPLIST_FILE = Tests/Info.plist;
				LD_RUNPATH_SEARCH_PATHS = "$(inherited) @executable_path/Frameworks @loader_path/Frameworks";
				PRODUCT_BUNDLE_IDENTIFIER = "org.cocoapods.$(PRODUCT_NAME:rfc1034identifier)";
				PRODUCT_NAME = "$(TARGET_NAME)";
				SWIFT_SWIFT3_OBJC_INFERENCE = Default;
				SWIFT_VERSION = 5.0;
				TEST_HOST = "$(BUILT_PRODUCTS_DIR)/FlexUI_Example.app/FlexUI_Example";
			};
			name = Release;
		};
/* End XCBuildConfiguration section */

/* Begin XCConfigurationList section */
		607FACCB1AFB9204008FA782 /* Build configuration list for PBXProject "FlexUI" */ = {
			isa = XCConfigurationList;
			buildConfigurations = (
				607FACED1AFB9204008FA782 /* Debug */,
				607FACEE1AFB9204008FA782 /* Release */,
			);
			defaultConfigurationIsVisible = 0;
			defaultConfigurationName = Release;
		};
		607FACEF1AFB9204008FA782 /* Build configuration list for PBXNativeTarget "FlexUI_Example" */ = {
			isa = XCConfigurationList;
			buildConfigurations = (
				607FACF01AFB9204008FA782 /* Debug */,
				607FACF11AFB9204008FA782 /* Release */,
			);
			defaultConfigurationIsVisible = 0;
			defaultConfigurationName = Release;
		};
		607FACF21AFB9204008FA782 /* Build configuration list for PBXNativeTarget "FlexUI_Tests" */ = {
			isa = XCConfigurationList;
			buildConfigurations = (
				607FACF31AFB9204008FA782 /* Debug */,
				607FACF41AFB9204008FA782 /* Release */,
			);
			defaultConfigurationIsVisible = 0;
			defaultConfigurationName = Release;
		};
/* End XCConfigurationList section */
	};
	rootObject = 607FACC81AFB9204008FA782 /* Project object */;
}
